
Microsoft Visual Studio Solution File, Format Version 12.00
Project("{FAE04EC0-301F-11D3-BF4B-00C04F79EFBC}") = "LeetCode", "LeetCode\LeetCode.csproj", "{36EC411D-314B-4769-A698-DAD682FC6B6E}"
EndProject
Project("{FAE04EC0-301F-11D3-BF4B-00C04F79EFBC}") = "TestProject", "TestProject\TestProject.csproj", "{D4ED4176-4A8C-4237-8780-A3C204475BE4}"
EndProject
Global
	GlobalSection(SolutionConfigurationPlatforms) = preSolution
		Debug|Any CPU = Debug|Any CPU
		Release|Any CPU = Release|Any CPU
	EndGlobalSection
	GlobalSection(ProjectConfigurationPlatforms) = postSolution
		{36EC411D-314B-4769-A698-DAD682FC6B6E}.Debug|Any CPU.ActiveCfg = Debug|Any CPU
		{36EC411D-314B-4769-A698-DAD682FC6B6E}.Debug|Any CPU.Build.0 = Debug|Any CPU
		{36EC411D-314B-4769-A698-DAD682FC6B6E}.Release|Any CPU.ActiveCfg = Release|Any CPU
		{36EC411D-314B-4769-A698-DAD682FC6B6E}.Release|Any CPU.Build.0 = Release|Any CPU
		{D4ED4176-4A8C-4237-8780-A3C204475BE4}.Debug|Any CPU.ActiveCfg = Debug|Any CPU
		{D4ED4176-4A8C-4237-8780-A3C204475BE4}.Debug|Any CPU.Build.0 = Debug|Any CPU
		{D4ED4176-4A8C-4237-8780-A3C204475BE4}.Release|Any CPU.ActiveCfg = Release|Any CPU
		{D4ED4176-4A8C-4237-8780-A3C204475BE4}.Release|Any CPU.Build.0 = Release|Any CPU
	EndGlobalSection
EndGlobal
